
Microsoft Visual Studio Solution File, Format Version 12.00
# Visual Studio Version 17
VisualStudioVersion = 17.11.35312.102
MinimumVisualStudioVersion = 10.0.40219.1
Project("{9A19103F-16F7-4668-BE54-9A1E7A4F7556}") = "ShoppingCart", "ShoppingCart\ShoppingCart.csproj", "{C46CA134-26EF-4935-9E1A-6F833703FF76}"
EndProject
Global
	GlobalSection(SolutionConfigurationPlatforms) = preSolution
		Debug|Any CPU = Debug|Any CPU
		Release|Any CPU = Release|Any CPU
	EndGlobalSection
	GlobalSection(ProjectConfigurationPlatforms) = postSolution
		{C46CA134-26EF-4935-9E1A-6F833703FF76}.Debug|Any CPU.ActiveCfg = Debug|Any CPU
		{C46CA134-26EF-4935-9E1A-6F833703FF76}.Debug|Any CPU.Build.0 = Debug|Any CPU
		{C46CA134-26EF-4935-9E1A-6F833703FF76}.Release|Any CPU.ActiveCfg = Release|Any CPU
		{C46CA134-26EF-4935-9E1A-6F833703FF76}.Release|Any CPU.Build.0 = Release|Any CPU
	EndGlobalSection
	GlobalSection(SolutionProperties) = preSolution
		HideSolutionNode = FALSE
	EndGlobalSection
	GlobalSection(ExtensibilityGlobals) = postSolution
		SolutionGuid = {F2E84374-C661-4662-8C8E-A8253897533A}
	EndGlobalSection
EndGlobal
